
Microsoft Visual Studio Solution File, Format Version 12.00
# Visual Studio Version 16
VisualStudioVersion = 16.0.28729.10
MinimumVisualStudioVersion = 10.0.40219.1
Project("{9A19103F-16F7-4668-BE54-9A1E7A4F7556}") = "IPFilter", "Code\IPFilter\IPFilter.csproj", "{34A454A5-5453-424A-81CE-30FF0A2B004B}"
EndProject
Project("{930C7802-8A8C-48F9-8165-68863BCCD9DD}") = "Setup.IPFilter", "Setup\Setup.IPFilter\Setup.IPFilter.wixproj", "{345FF54A-FCA9-48D5-99B8-AC15669ABDEE}"
EndProject
Project("{2150E333-8FDC-42A3-9474-1A3956D46DE8}") = "src", "src", "{E8A8DFF2-AA9A-44E9-B532-58A2AD3BF61B}"
	ProjectSection(SolutionItems) = preProject
		Directory.Build.props = Directory.Build.props
		Directory.Build.targets = Directory.Build.targets
	EndProjectSection
EndProject
Global
	GlobalSection(SolutionConfigurationPlatforms) = preSolution
		Debug|Any CPU = Debug|Any CPU
		Debug|x64 = Debug|x64
		Debug|x86 = Debug|x86
		Release|Any CPU = Release|Any CPU
		Release|x64 = Release|x64
		Release|x86 = Release|x86
	EndGlobalSection
	GlobalSection(ProjectConfigurationPlatforms) = postSolution
		{34A454A5-5453-424A-81CE-30FF0A2B004B}.Debug|Any CPU.ActiveCfg = Debug|Any CPU
		{34A454A5-5453-424A-81CE-30FF0A2B004B}.Debug|Any CPU.Build.0 = Debug|Any CPU
		{34A454A5-5453-424A-81CE-30FF0A2B004B}.Debug|x64.ActiveCfg = Debug|Any CPU
		{34A454A5-5453-424A-81CE-30FF0A2B004B}.Debug|x64.Build.0 = Debug|Any CPU
		{34A454A5-5453-424A-81CE-30FF0A2B004B}.Debug|x86.ActiveCfg = Debug|Any CPU
		{34A454A5-5453-424A-81CE-30FF0A2B004B}.Debug|x86.Build.0 = Debug|Any CPU
		{34A454A5-5453-424A-81CE-30FF0A2B004B}.Release|Any CPU.ActiveCfg = Release|Any CPU
		{34A454A5-5453-424A-81CE-30FF0A2B004B}.Release|Any CPU.Build.0 = Release|Any CPU
		{34A454A5-5453-424A-81CE-30FF0A2B004B}.Release|x64.ActiveCfg = Release|Any CPU
		{34A454A5-5453-424A-81CE-30FF0A2B004B}.Release|x64.Build.0 = Release|Any CPU
		{34A454A5-5453-424A-81CE-30FF0A2B004B}.Release|x86.ActiveCfg = Release|Any CPU
		{34A454A5-5453-424A-81CE-30FF0A2B004B}.Release|x86.Build.0 = Release|Any CPU
		{345FF54A-FCA9-48D5-99B8-AC15669ABDEE}.Debug|Any CPU.ActiveCfg = Debug|x86
		{345FF54A-FCA9-48D5-99B8-AC15669ABDEE}.Debug|x64.ActiveCfg = Debug|x86
		{345FF54A-FCA9-48D5-99B8-AC15669ABDEE}.Debug|x86.ActiveCfg = Debug|x86
		{345FF54A-FCA9-48D5-99B8-AC15669ABDEE}.Debug|x86.Build.0 = Debug|x86
		{345FF54A-FCA9-48D5-99B8-AC15669ABDEE}.Release|Any CPU.ActiveCfg = Release|x86
		{345FF54A-FCA9-48D5-99B8-AC15669ABDEE}.Release|Any CPU.Build.0 = Release|x86
		{345FF54A-FCA9-48D5-99B8-AC15669ABDEE}.Release|x64.ActiveCfg = Release|x86
		{345FF54A-FCA9-48D5-99B8-AC15669ABDEE}.Release|x86.ActiveCfg = Release|x86
		{345FF54A-FCA9-48D5-99B8-AC15669ABDEE}.Release|x86.Build.0 = Release|x86
	EndGlobalSection
	GlobalSection(SolutionProperties) = preSolution
		HideSolutionNode = FALSE
	EndGlobalSection
	GlobalSection(ExtensibilityGlobals) = postSolution
		SolutionGuid = {CF751B36-B446-4E63-BF70-2D8B03FCA7B2}
	EndGlobalSection
EndGlobal
