
Microsoft Visual Studio Solution File, Format Version 12.00
# Visual Studio 2013
VisualStudioVersion = 12.0.31101.0
MinimumVisualStudioVersion = 10.0.40219.1
Project("{FAE04EC0-301F-11D3-BF4B-00C04F79EFBC}") = "IPFilter.UI", "Code\IPFilter.UI\IPFilter.UI.csproj", "{34A454A5-5453-424A-81CE-30FF0A2B004B}"
EndProject
Project("{FAE04EC0-301F-11D3-BF4B-00C04F79EFBC}") = "IPFilter.Tests", "Tests\UnitTests\IPFilter.Tests\IPFilter.Tests.csproj", "{908B06C1-CFDD-47FA-B651-7A23D1EDB6E4}"
EndProject
Project("{2150E333-8FDC-42A3-9474-1A3956D46DE8}") = "Tests", "Tests", "{74AFF634-F59E-4BE0-B7E4-5476A51220C1}"
	ProjectSection(SolutionItems) = preProject
		IPFilter.vsmdi = IPFilter.vsmdi
		Local.testsettings = Local.testsettings
		TraceAndTestImpact.testsettings = TraceAndTestImpact.testsettings
	EndProjectSection
EndProject
Project("{2150E333-8FDC-42A3-9474-1A3956D46DE8}") = "Unit Tests", "Unit Tests", "{DC6ACDD3-9506-45FA-A71C-9BCC8553A3FB}"
EndProject
Project("{FAE04EC0-301F-11D3-BF4B-00C04F79EFBC}") = "Commons", "Commons\Commons.csproj", "{253E123D-E63A-47BB-8A6A-3C530D1AF01D}"
EndProject
Global
	GlobalSection(SolutionConfigurationPlatforms) = preSolution
		Debug|Any CPU = Debug|Any CPU
		Release|Any CPU = Release|Any CPU
	EndGlobalSection
	GlobalSection(ProjectConfigurationPlatforms) = postSolution
		{34A454A5-5453-424A-81CE-30FF0A2B004B}.Debug|Any CPU.ActiveCfg = Debug|Any CPU
		{34A454A5-5453-424A-81CE-30FF0A2B004B}.Debug|Any CPU.Build.0 = Debug|Any CPU
		{34A454A5-5453-424A-81CE-30FF0A2B004B}.Release|Any CPU.ActiveCfg = Release|Any CPU
		{34A454A5-5453-424A-81CE-30FF0A2B004B}.Release|Any CPU.Build.0 = Release|Any CPU
		{908B06C1-CFDD-47FA-B651-7A23D1EDB6E4}.Debug|Any CPU.ActiveCfg = Debug|Any CPU
		{908B06C1-CFDD-47FA-B651-7A23D1EDB6E4}.Debug|Any CPU.Build.0 = Debug|Any CPU
		{908B06C1-CFDD-47FA-B651-7A23D1EDB6E4}.Release|Any CPU.ActiveCfg = Release|Any CPU
		{908B06C1-CFDD-47FA-B651-7A23D1EDB6E4}.Release|Any CPU.Build.0 = Release|Any CPU
		{253E123D-E63A-47BB-8A6A-3C530D1AF01D}.Debug|Any CPU.ActiveCfg = Debug|Any CPU
		{253E123D-E63A-47BB-8A6A-3C530D1AF01D}.Release|Any CPU.ActiveCfg = Release|Any CPU
	EndGlobalSection
	GlobalSection(SolutionProperties) = preSolution
		HideSolutionNode = FALSE
	EndGlobalSection
	GlobalSection(NestedProjects) = preSolution
		{908B06C1-CFDD-47FA-B651-7A23D1EDB6E4} = {DC6ACDD3-9506-45FA-A71C-9BCC8553A3FB}
		{DC6ACDD3-9506-45FA-A71C-9BCC8553A3FB} = {74AFF634-F59E-4BE0-B7E4-5476A51220C1}
	EndGlobalSection
EndGlobal
